
Microsoft Visual Studio Solution File, Format Version 12.00
# Visual Studio Version 17
VisualStudioVersion = 17.6.33801.468
MinimumVisualStudioVersion = 10.0.40219.1
Project("{8BC9CEB8-8B4A-11D0-8D11-00A0C91BC942}") = "Inferno", "Inferno\Inferno.vcxproj", "{B915CD61-0250-4346-8CC8-E5C672DBA672}"
EndProject
Project("{8BC9CEB8-8B4A-11D0-8D11-00A0C91BC942}") = "InfernoApp", "InfernoApp\InfernoApp.vcxproj", "{4EB7B7B7-826A-4D4D-AB9E-128178902622}"
EndProject
Project("{8BC9CEB8-8B4A-11D0-8D11-00A0C91BC942}") = "InfernoTests", "InfernoTests\InfernoTests.vcxproj", "{CA48D79F-648E-4F74-BBBD-F553B863EE40}"
EndProject
Project("{8BC9CEB8-8B4A-11D0-8D11-00A0C91BC942}") = "BPETrainer", "BPETrainer\BPETrainer.vcxproj", "{E8980E87-3A90-4B77-8D0C-676D09EEF3D7}"
EndProject
Project("{8BC9CEB8-8B4A-11D0-8D11-00A0C91BC942}") = "InfernoTokenizer", "InfernoTokenizer\InfernoTokenizer.vcxproj", "{FB04D642-596A-4504-A579-1A6214FC8101}"
EndProject
Project("{8BC9CEB8-8B4A-11D0-8D11-00A0C91BC942}") = "PreTokenizer", "PreTokenizer\PreTokenizer.vcxproj", "{A15CDFB3-3B28-4CFE-9DA0-355128A85B68}"
EndProject
Project("{8BC9CEB8-8B4A-11D0-8D11-00A0C91BC942}") = "DatasetTokenizer", "DatasetTokenizer\DatasetTokenizer.vcxproj", "{516632E5-F7C7-4B64-AD34-FE522DAD8629}"
EndProject
Global
	GlobalSection(SolutionConfigurationPlatforms) = preSolution
		Debug|x64 = Debug|x64
		Debug|x86 = Debug|x86
		Release|x64 = Release|x64
		Release|x86 = Release|x86
	EndGlobalSection
	GlobalSection(ProjectConfigurationPlatforms) = postSolution
		{B915CD61-0250-4346-8CC8-E5C672DBA672}.Debug|x64.ActiveCfg = Debug|x64
		{B915CD61-0250-4346-8CC8-E5C672DBA672}.Debug|x64.Build.0 = Debug|x64
		{B915CD61-0250-4346-8CC8-E5C672DBA672}.Debug|x86.ActiveCfg = Debug|Win32
		{B915CD61-0250-4346-8CC8-E5C672DBA672}.Debug|x86.Build.0 = Debug|Win32
		{B915CD61-0250-4346-8CC8-E5C672DBA672}.Release|x64.ActiveCfg = Release|x64
		{B915CD61-0250-4346-8CC8-E5C672DBA672}.Release|x64.Build.0 = Release|x64
		{B915CD61-0250-4346-8CC8-E5C672DBA672}.Release|x86.ActiveCfg = Release|Win32
		{B915CD61-0250-4346-8CC8-E5C672DBA672}.Release|x86.Build.0 = Release|Win32
		{4EB7B7B7-826A-4D4D-AB9E-128178902622}.Debug|x64.ActiveCfg = Debug|x64
		{4EB7B7B7-826A-4D4D-AB9E-128178902622}.Debug|x64.Build.0 = Debug|x64
		{4EB7B7B7-826A-4D4D-AB9E-128178902622}.Debug|x86.ActiveCfg = Debug|Win32
		{4EB7B7B7-826A-4D4D-AB9E-128178902622}.Debug|x86.Build.0 = Debug|Win32
		{4EB7B7B7-826A-4D4D-AB9E-128178902622}.Release|x64.ActiveCfg = Release|x64
		{4EB7B7B7-826A-4D4D-AB9E-128178902622}.Release|x64.Build.0 = Release|x64
		{4EB7B7B7-826A-4D4D-AB9E-128178902622}.Release|x86.ActiveCfg = Release|Win32
		{4EB7B7B7-826A-4D4D-AB9E-128178902622}.Release|x86.Build.0 = Release|Win32
		{CA48D79F-648E-4F74-BBBD-F553B863EE40}.Debug|x64.ActiveCfg = Debug|x64
		{CA48D79F-648E-4F74-BBBD-F553B863EE40}.Debug|x64.Build.0 = Debug|x64
		{CA48D79F-648E-4F74-BBBD-F553B863EE40}.Debug|x86.ActiveCfg = Debug|Win32
		{CA48D79F-648E-4F74-BBBD-F553B863EE40}.Debug|x86.Build.0 = Debug|Win32
		{CA48D79F-648E-4F74-BBBD-F553B863EE40}.Release|x64.ActiveCfg = Release|x64
		{CA48D79F-648E-4F74-BBBD-F553B863EE40}.Release|x64.Build.0 = Release|x64
		{CA48D79F-648E-4F74-BBBD-F553B863EE40}.Release|x86.ActiveCfg = Release|Win32
		{CA48D79F-648E-4F74-BBBD-F553B863EE40}.Release|x86.Build.0 = Release|Win32
		{E8980E87-3A90-4B77-8D0C-676D09EEF3D7}.Debug|x64.ActiveCfg = Debug|x64
		{E8980E87-3A90-4B77-8D0C-676D09EEF3D7}.Debug|x64.Build.0 = Debug|x64
		{E8980E87-3A90-4B77-8D0C-676D09EEF3D7}.Debug|x86.ActiveCfg = Debug|Win32
		{E8980E87-3A90-4B77-8D0C-676D09EEF3D7}.Debug|x86.Build.0 = Debug|Win32
		{E8980E87-3A90-4B77-8D0C-676D09EEF3D7}.Release|x64.ActiveCfg = Release|x64
		{E8980E87-3A90-4B77-8D0C-676D09EEF3D7}.Release|x64.Build.0 = Release|x64
		{E8980E87-3A90-4B77-8D0C-676D09EEF3D7}.Release|x86.ActiveCfg = Release|Win32
		{E8980E87-3A90-4B77-8D0C-676D09EEF3D7}.Release|x86.Build.0 = Release|Win32
		{FB04D642-596A-4504-A579-1A6214FC8101}.Debug|x64.ActiveCfg = Debug|x64
		{FB04D642-596A-4504-A579-1A6214FC8101}.Debug|x64.Build.0 = Debug|x64
		{FB04D642-596A-4504-A579-1A6214FC8101}.Debug|x86.ActiveCfg = Debug|Win32
		{FB04D642-596A-4504-A579-1A6214FC8101}.Debug|x86.Build.0 = Debug|Win32
		{FB04D642-596A-4504-A579-1A6214FC8101}.Release|x64.ActiveCfg = Release|x64
		{FB04D642-596A-4504-A579-1A6214FC8101}.Release|x64.Build.0 = Release|x64
		{FB04D642-596A-4504-A579-1A6214FC8101}.Release|x86.ActiveCfg = Release|Win32
		{FB04D642-596A-4504-A579-1A6214FC8101}.Release|x86.Build.0 = Release|Win32
		{A15CDFB3-3B28-4CFE-9DA0-355128A85B68}.Debug|x64.ActiveCfg = Debug|x64
		{A15CDFB3-3B28-4CFE-9DA0-355128A85B68}.Debug|x64.Build.0 = Debug|x64
		{A15CDFB3-3B28-4CFE-9DA0-355128A85B68}.Debug|x86.ActiveCfg = Debug|Win32
		{A15CDFB3-3B28-4CFE-9DA0-355128A85B68}.Debug|x86.Build.0 = Debug|Win32
		{A15CDFB3-3B28-4CFE-9DA0-355128A85B68}.Release|x64.ActiveCfg = Release|x64
		{A15CDFB3-3B28-4CFE-9DA0-355128A85B68}.Release|x64.Build.0 = Release|x64
		{A15CDFB3-3B28-4CFE-9DA0-355128A85B68}.Release|x86.ActiveCfg = Release|Win32
		{A15CDFB3-3B28-4CFE-9DA0-355128A85B68}.Release|x86.Build.0 = Release|Win32
		{516632E5-F7C7-4B64-AD34-FE522DAD8629}.Debug|x64.ActiveCfg = Debug|x64
		{516632E5-F7C7-4B64-AD34-FE522DAD8629}.Debug|x64.Build.0 = Debug|x64
		{516632E5-F7C7-4B64-AD34-FE522DAD8629}.Debug|x86.ActiveCfg = Debug|Win32
		{516632E5-F7C7-4B64-AD34-FE522DAD8629}.Debug|x86.Build.0 = Debug|Win32
		{516632E5-F7C7-4B64-AD34-FE522DAD8629}.Release|x64.ActiveCfg = Release|x64
		{516632E5-F7C7-4B64-AD34-FE522DAD8629}.Release|x64.Build.0 = Release|x64
		{516632E5-F7C7-4B64-AD34-FE522DAD8629}.Release|x86.ActiveCfg = Release|Win32
		{516632E5-F7C7-4B64-AD34-FE522DAD8629}.Release|x86.Build.0 = Release|Win32
	EndGlobalSection
	GlobalSection(SolutionProperties) = preSolution
		HideSolutionNode = FALSE
	EndGlobalSection
	GlobalSection(ExtensibilityGlobals) = postSolution
		SolutionGuid = {95F2A698-A7FA-4117-A2E6-C1CF31AC2C04}
	EndGlobalSection
EndGlobal
