<?xml version="1.0" encoding="utf-8"?>
<Project ToolsVersion="4.0" xmlns="http://schemas.microsoft.com/developer/msbuild/2003">
  <ItemGroup>
    <Filter Include="Source Files">
      <UniqueIdentifier>{4FC737F1-C7A5-4376-A066-2A32D752A2FF}</UniqueIdentifier>
      <Extensions>cpp;c;cc;cxx;c++;cppm;ixx;def;odl;idl;hpj;bat;asm;asmx</Extensions>
    </Filter>
    <Filter Include="Header Files">
      <UniqueIdentifier>{93995380-89BD-4b04-88EB-625FBE52EBFB}</UniqueIdentifier>
      <Extensions>h;hh;hpp;hxx;h++;hm;inl;inc;ipp;xsd</Extensions>
    </Filter>
    <Filter Include="Resource Files">
      <UniqueIdentifier>{67DA6AB6-F800-4c08-8B7A-83BB121AAD01}</UniqueIdentifier>
      <Extensions>rc;ico;cur;bmp;dlg;rc2;rct;bin;rgs;gif;jpg;jpeg;jpe;resx;tiff;tif;png;wav;mfcribbon-ms</Extensions>
    </Filter>
  </ItemGroup>
  <ItemGroup>
    <ClCompile Include="main.cpp">
      <Filter>Source Files</Filter>
    </ClCompile>
    <ClCompile Include="tensor.cpp">
      <Filter>Source Files</Filter>
    </ClCompile>
    <ClCompile Include="storage\storage.cpp">
      <Filter>Source Files</Filter>
    </ClCompile>
    <ClCompile Include="storage\cudastorage.cpp">
      <Filter>Source Files</Filter>
    </ClCompile>
    <ClCompile Include="storage\cpustorage.cpp">
      <Filter>Source Files</Filter>
    </ClCompile>
    <ClCompile Include="GradFN\node.cpp">
      <Filter>Source Files</Filter>
    </ClCompile>
    <ClCompile Include="Util\logger.cpp">
      <Filter>Source Files</Filter>
    </ClCompile>
    <ClCompile Include="tensorimpl.cpp">
      <Filter>Source Files</Filter>
    </ClCompile>
    <ClCompile Include="Util\random.cpp">
      <Filter>Source Files</Filter>
    </ClCompile>
    <ClCompile Include="GradFN\addbackward.cpp">
      <Filter>Source Files</Filter>
    </ClCompile>
    <ClCompile Include="GradEngine\engine.cpp">
      <Filter>Source Files</Filter>
    </ClCompile>
    <ClCompile Include="GradFN\accumulategrad.cpp">
      <Filter>Source Files</Filter>
    </ClCompile>
    <ClCompile Include="GradFN\multiplybackward.cpp">
      <Filter>Source Files</Filter>
    </ClCompile>
    <ClCompile Include="Util\timer.cpp">
      <Filter>Source Files</Filter>
    </ClCompile>
    <ClCompile Include="GradFN\mmbackward.cpp">
      <Filter>Source Files</Filter>
    </ClCompile>
    <ClCompile Include="ops.cpp">
      <Filter>Source Files</Filter>
    </ClCompile>
    <ClCompile Include="broadcastops.cpp">
      <Filter>Source Files</Filter>
    </ClCompile>
    <ClCompile Include="GradFN\transposebackward.cpp">
      <Filter>Source Files</Filter>
    </ClCompile>
    <ClCompile Include="GradFN\subtractbackward.cpp">
      <Filter>Source Files</Filter>
    </ClCompile>
    <ClCompile Include="GradFN\negatebackward.cpp">
      <Filter>Source Files</Filter>
    </ClCompile>
    <ClCompile Include="GradFN\dividebackward.cpp">
      <Filter>Source Files</Filter>
    </ClCompile>
    <ClCompile Include="layers\module.h">
      <Filter>Source Files</Filter>
    </ClCompile>
    <ClCompile Include="layers\linear.cpp">
      <Filter>Source Files</Filter>
    </ClCompile>
    <ClCompile Include="Util\nodetracker.cpp">
      <Filter>Source Files</Filter>
    </ClCompile>
    <ClCompile Include="Util\idbroker.cpp">
      <Filter>Source Files</Filter>
    </ClCompile>
    <ClCompile Include="GradFN\mselossbackward.cpp">
      <Filter>Source Files</Filter>
    </ClCompile>
    <ClCompile Include="functional\sigmoid.cpp">
      <Filter>Source Files</Filter>
    </ClCompile>
    <ClCompile Include="GradFN\sigmoidbackward.cpp">
      <Filter>Source Files</Filter>
    </ClCompile>
    <ClCompile Include="tests\tests.cpp">
      <Filter>Source Files</Filter>
    </ClCompile>
  </ItemGroup>
  <ItemGroup>
    <ClInclude Include="tensor.h">
      <Filter>Header Files</Filter>
    </ClInclude>
    <ClInclude Include="storage\storage.h">
      <Filter>Header Files</Filter>
    </ClInclude>
    <ClInclude Include="storage\cudastorage.h">
      <Filter>Header Files</Filter>
    </ClInclude>
    <ClInclude Include="storage\cpustorage.h">
      <Filter>Header Files</Filter>
    </ClInclude>
    <ClInclude Include="device.h">
      <Filter>Header Files</Filter>
    </ClInclude>
    <ClInclude Include="dtype.h">
      <Filter>Header Files</Filter>
    </ClInclude>
    <ClInclude Include="inferno.h">
      <Filter>Header Files</Filter>
    </ClInclude>
    <ClInclude Include="GradFN\node.h">
      <Filter>Header Files</Filter>
    </ClInclude>
    <ClInclude Include="GradFN\addbackward.h">
      <Filter>Header Files</Filter>
    </ClInclude>
    <ClInclude Include="ops.h">
      <Filter>Header Files</Filter>
    </ClInclude>
    <ClInclude Include="Util\logger.h">
      <Filter>Header Files</Filter>
    </ClInclude>
    <ClInclude Include="tensorimpl.h">
      <Filter>Header Files</Filter>
    </ClInclude>
    <ClInclude Include="Util\random.h">
      <Filter>Header Files</Filter>
    </ClInclude>
    <ClInclude Include="GradEngine\engine.h">
      <Filter>Header Files</Filter>
    </ClInclude>
    <ClInclude Include="GradFN\accumulategrad.h">
      <Filter>Header Files</Filter>
    </ClInclude>
    <ClInclude Include="GradFN\multiplybackward.h">
      <Filter>Header Files</Filter>
    </ClInclude>
    <ClInclude Include="cuda\cudaops.h">
      <Filter>Header Files</Filter>
    </ClInclude>
    <ClInclude Include="Util\timer.h">
      <Filter>Header Files</Filter>
    </ClInclude>
    <ClInclude Include="GradFN\mmbackward.h">
      <Filter>Header Files</Filter>
    </ClInclude>
    <ClInclude Include="broadcastops.h">
      <Filter>Header Files</Filter>
    </ClInclude>
    <ClInclude Include="GradFN\transposebackward.h">
      <Filter>Header Files</Filter>
    </ClInclude>
    <ClInclude Include="GradFN\subtractbackward.h">
      <Filter>Header Files</Filter>
    </ClInclude>
    <ClInclude Include="GradFN\negatebackward.h">
      <Filter>Header Files</Filter>
    </ClInclude>
    <ClInclude Include="GradFN\dividebackward.h">
      <Filter>Header Files</Filter>
    </ClInclude>
    <ClInclude Include="layers\linear.h">
      <Filter>Header Files</Filter>
    </ClInclude>
    <ClInclude Include="Util\nodetracker.h">
      <Filter>Header Files</Filter>
    </ClInclude>
    <ClInclude Include="Util\idbroker.h">
      <Filter>Header Files</Filter>
    </ClInclude>
    <ClInclude Include="loss\loss.h">
      <Filter>Header Files</Filter>
    </ClInclude>
    <ClInclude Include="GradFN\mselossbackward.h">
      <Filter>Header Files</Filter>
    </ClInclude>
    <ClInclude Include="functional\sigmoid.h">
      <Filter>Header Files</Filter>
    </ClInclude>
    <ClInclude Include="GradFN\sigmoidbackward.h">
      <Filter>Header Files</Filter>
    </ClInclude>
    <ClInclude Include="optim\optimizers.h">
      <Filter>Header Files</Filter>
    </ClInclude>
    <ClInclude Include="tests\testtools.h">
      <Filter>Header Files</Filter>
    </ClInclude>
    <ClInclude Include="tests\tests.h">
      <Filter>Header Files</Filter>
    </ClInclude>
    <ClInclude Include="tests\additiontests.h">
      <Filter>Header Files</Filter>
    </ClInclude>
    <ClInclude Include="tests\subtractiontests.h">
      <Filter>Header Files</Filter>
    </ClInclude>
    <ClInclude Include="tests\multiplicationtests.h">
      <Filter>Header Files</Filter>
    </ClInclude>
    <ClInclude Include="tests\divisiontests.h">
      <Filter>Header Files</Filter>
    </ClInclude>
  </ItemGroup>
  <ItemGroup>
    <CudaCompile Include="cuda\cudaadd.cu" />
    <CudaCompile Include="cuda\cudamultiply.cu" />
    <CudaCompile Include="cuda\cudafilltensor.cu" />
    <CudaCompile Include="cuda\cudamatmul.cu" />
    <CudaCompile Include="cuda\cudasumtoshape.cu" />
    <CudaCompile Include="cuda\cudasubtract.cu" />
    <CudaCompile Include="cuda\cudanegate.cu" />
    <CudaCompile Include="cuda\cudadivide.cu" />
    <CudaCompile Include="cuda\cudamseloss.cu" />
    <CudaCompile Include="cuda\cudasigmoid.cu" />
    <CudaCompile Include="cuda\cudasgdstep.cu" />
  </ItemGroup>
</Project>